schema: '2.0'
stages:
  always_run:
    cmd: python rough/test.py
    outs:
    - path: rough/test.txt
      md5: d3020c9210757f5b5ac1c2e9782bfd1c
      size: 21
  split_data:
    cmd: python src/stage_02_split_data.py --params=params.yaml
    deps:
    - path: config/config.yaml
      md5: bb60700d7293a076a2ed6e642da137dc
      size: 283
    - path: src/stage_02_split_data.py
      md5: 459e03c35429d5592c585689d9c91507
      size: 1719
    - path: src/utils/all_utils.py
      md5: 66d7a7080ae1374f513a6018e86eaec3
      size: 499
    params:
      params.yaml:
        base.random_state: 42
        base.test_size: 0.3
    outs:
    - path: artifacts/split_data_dir/test.csv
      md5: 82dbb29f6bacf8f8eacf612bad5fbd16
      size: 29014
    - path: artifacts/split_data_dir/train.csv
      md5: 3e905e4642cfd245ad8aaa2be09a9550
      size: 67755
  load_data:
    cmd: python src/stage_01_load_save.py --config=config/config.yaml
    deps:
    - path: config/config.yaml
      md5: bb60700d7293a076a2ed6e642da137dc
      size: 283
    - path: src/stage_01_load_save.py
      md5: d3d4d87c2536eea1cc8830a48af2346b
      size: 1091
    - path: src/utils/all_utils.py
      md5: 66d7a7080ae1374f513a6018e86eaec3
      size: 499
    outs:
    - path: artifacts/raw_local_dir/data.csv
      md5: 6a883fd98624e18c0b7ce251f4fab4fb
      size: 102551
